
Microsoft Visual Studio Solution File, Format Version 12.00
# Visual Studio Version 17
VisualStudioVersion = 17.4.33205.214
MinimumVisualStudioVersion = 10.0.40219.1
Project("{FAE04EC0-301F-11D3-BF4B-00C04F79EFBC}") = "ElderyCareAPI", "WebApplication1\ElderyCareAPI.csproj", "{880B1FA3-82F2-4CE9-8E54-3101000B3E32}"
EndProject
Project("{FAE04EC0-301F-11D3-BF4B-00C04F79EFBC}") = "ElderyCareServices", "ElderyCareServices\ElderyCareServices.csproj", "{BAC6CAD0-34F3-4F58-B34B-D03A82B2F70C}"
EndProject
Project("{FAE04EC0-301F-11D3-BF4B-00C04F79EFBC}") = "ElderyCareDataServices", "ElderyCareDataServices\ElderyCareDataServices.csproj", "{B53D0BD8-767F-41AE-A704-BB2D0E4AE671}"
EndProject
Global
	GlobalSection(SolutionConfigurationPlatforms) = preSolution
		Debug|Any CPU = Debug|Any CPU
		Release|Any CPU = Release|Any CPU
	EndGlobalSection
	GlobalSection(ProjectConfigurationPlatforms) = postSolution
		{880B1FA3-82F2-4CE9-8E54-3101000B3E32}.Debug|Any CPU.ActiveCfg = Debug|Any CPU
		{880B1FA3-82F2-4CE9-8E54-3101000B3E32}.Debug|Any CPU.Build.0 = Debug|Any CPU
		{880B1FA3-82F2-4CE9-8E54-3101000B3E32}.Release|Any CPU.ActiveCfg = Release|Any CPU
		{880B1FA3-82F2-4CE9-8E54-3101000B3E32}.Release|Any CPU.Build.0 = Release|Any CPU
		{BAC6CAD0-34F3-4F58-B34B-D03A82B2F70C}.Debug|Any CPU.ActiveCfg = Debug|Any CPU
		{BAC6CAD0-34F3-4F58-B34B-D03A82B2F70C}.Debug|Any CPU.Build.0 = Debug|Any CPU
		{BAC6CAD0-34F3-4F58-B34B-D03A82B2F70C}.Release|Any CPU.ActiveCfg = Release|Any CPU
		{BAC6CAD0-34F3-4F58-B34B-D03A82B2F70C}.Release|Any CPU.Build.0 = Release|Any CPU
		{B53D0BD8-767F-41AE-A704-BB2D0E4AE671}.Debug|Any CPU.ActiveCfg = Debug|Any CPU
		{B53D0BD8-767F-41AE-A704-BB2D0E4AE671}.Debug|Any CPU.Build.0 = Debug|Any CPU
		{B53D0BD8-767F-41AE-A704-BB2D0E4AE671}.Release|Any CPU.ActiveCfg = Release|Any CPU
		{B53D0BD8-767F-41AE-A704-BB2D0E4AE671}.Release|Any CPU.Build.0 = Release|Any CPU
	EndGlobalSection
	GlobalSection(SolutionProperties) = preSolution
		HideSolutionNode = FALSE
	EndGlobalSection
	GlobalSection(ExtensibilityGlobals) = postSolution
		SolutionGuid = {D9AA88A1-4C49-4942-81A5-D9E80C14BAEE}
	EndGlobalSection
EndGlobal
